// !$*UTF8*$!
{
	archiveVersion = 1;
	classes = {
	};
	objectVersion = 50;
	objects = {

/* Begin PBXBuildFile section */
		1A8D018F26FF01FF003EAD59 /* HomeLoanCalculatorApp.swift in Sources */ = {isa = PBXBuildFile; fileRef = 1A8D018E26FF01FF003EAD59 /* HomeLoanCalculatorApp.swift */; };
		1A8D019126FF01FF003EAD59 /* ContentView.swift in Sources */ = {isa = PBXBuildFile; fileRef = 1A8D019026FF01FF003EAD59 /* ContentView.swift */; };
		1A8D019326FF0201003EAD59 /* Assets.xcassets in Resources */ = {isa = PBXBuildFile; fileRef = 1A8D019226FF0201003EAD59 /* Assets.xcassets */; };
		1A8D019626FF0201003EAD59 /* Preview Assets.xcassets in Resources */ = {isa = PBXBuildFile; fileRef = 1A8D019526FF0201003EAD59 /* Preview Assets.xcassets */; };
		1A8D01A126FF0201003EAD59 /* HomeLoanCalculatorTests.swift in Sources */ = {isa = PBXBuildFile; fileRef = 1A8D01A026FF0201003EAD59 /* HomeLoanCalculatorTests.swift */; };
		1A8D01AC26FF0201003EAD59 /* HomeLoanCalculatorUITests.swift in Sources */ = {isa = PBXBuildFile; fileRef = 1A8D01AB26FF0201003EAD59 /* HomeLoanCalculatorUITests.swift */; };
/* End PBXBuildFile section */

/* Begin PBXContainerItemProxy section */
		1A8D019D26FF0201003EAD59 /* PBXContainerItemProxy */ = {
			isa = PBXContainerItemProxy;
			containerPortal = 1A8D018326FF01FF003EAD59 /* Project object */;
			proxyType = 1;
			remoteGlobalIDString = 1A8D018A26FF01FF003EAD59;
			remoteInfo = HomeLoanCalculator;
		};
		1A8D01A826FF0201003EAD59 /* PBXContainerItemProxy */ = {
			isa = PBXContainerItemProxy;
			containerPortal = 1A8D018326FF01FF003EAD59 /* Project object */;
			proxyType = 1;
			remoteGlobalIDString = 1A8D018A26FF01FF003EAD59;
			remoteInfo = HomeLoanCalculator;
		};
/* End PBXContainerItemProxy section */

/* Begin PBXFileReference section */
		1A8D018B26FF01FF003EAD59 /* HomeLoanCalculator.app */ = {isa = PBXFileReference; explicitFileType = wrapper.application; includeInIndex = 0; path = HomeLoanCalculator.app; sourceTree = BUILT_PRODUCTS_DIR; };
		1A8D018E26FF01FF003EAD59 /* HomeLoanCalculatorApp.swift */ = {isa = PBXFileReference; lastKnownFileType = sourcecode.swift; path = HomeLoanCalculatorApp.swift; sourceTree = "<group>"; };
		1A8D019026FF01FF003EAD59 /* ContentView.swift */ = {isa = PBXFileReference; lastKnownFileType = sourcecode.swift; path = ContentView.swift; sourceTree = "<group>"; };
		1A8D019226FF0201003EAD59 /* Assets.xcassets */ = {isa = PBXFileReference; lastKnownFileType = folder.assetcatalog; path = Assets.xcassets; sourceTree = "<group>"; };
		1A8D019526FF0201003EAD59 /* Preview Assets.xcassets */ = {isa = PBXFileReference; lastKnownFileType = folder.assetcatalog; path = "Preview Assets.xcassets"; sourceTree = "<group>"; };
		1A8D019726FF0201003EAD59 /* Info.plist */ = {isa = PBXFileReference; lastKnownFileType = text.plist.xml; path = Info.plist; sourceTree = "<group>"; };
		1A8D019C26FF0201003EAD59 /* HomeLoanCalculatorTests.xctest */ = {isa = PBXFileReference; explicitFileType = wrapper.cfbundle; includeInIndex = 0; path = HomeLoanCalculatorTests.xctest; sourceTree = BUILT_PRODUCTS_DIR; };
		1A8D01A026FF0201003EAD59 /* HomeLoanCalculatorTests.swift */ = {isa = PBXFileReference; lastKnownFileType = sourcecode.swift; path = HomeLoanCalculatorTests.swift; sourceTree = "<group>"; };
		1A8D01A226FF0201003EAD59 /* Info.plist */ = {isa = PBXFileReference; lastKnownFileType = text.plist.xml; path = Info.plist; sourceTree = "<group>"; };
		1A8D01A726FF0201003EAD59 /* HomeLoanCalculatorUITests.xctest */ = {isa = PBXFileReference; explicitFileType = wrapper.cfbundle; includeInIndex = 0; path = HomeLoanCalculatorUITests.xctest; sourceTree = BUILT_PRODUCTS_DIR; };
		1A8D01AB26FF0201003EAD59 /* HomeLoanCalculatorUITests.swift */ = {isa = PBXFileReference; lastKnownFileType = sourcecode.swift; path = HomeLoanCalculatorUITests.swift; sourceTree = "<group>"; };
		1A8D01AD26FF0201003EAD59 /* Info.plist */ = {isa = PBXFileReference; lastKnownFileType = text.plist.xml; path = Info.plist; sourceTree = "<group>"; };
/* End PBXFileReference section */

/* Begin PBXFrameworksBuildPhase section */
		1A8D018826FF01FF003EAD59 /* Frameworks */ = {
			isa = PBXFrameworksBuildPhase;
			buildActionMask = 2147483647;
			files = (
			);
			runOnlyForDeploymentPostprocessing = 0;
		};
		1A8D019926FF0201003EAD59 /* Frameworks */ = {
			isa = PBXFrameworksBuildPhase;
			buildActionMask = 2147483647;
			files = (
			);
			runOnlyForDeploymentPostprocessing = 0;
		};
		1A8D01A426FF0201003EAD59 /* Frameworks */ = {
			isa = PBXFrameworksBuildPhase;
			buildActionMask = 2147483647;
			files = (
			);
			runOnlyForDeploymentPostprocessing = 0;
		};
/* End PBXFrameworksBuildPhase section */

/* Begin PBXGroup section */
		1A8D018226FF01FF003EAD59 = {
			isa = PBXGroup;
			children = (
				1A8D018D26FF01FF003EAD59 /* HomeLoanCalculator */,
				1A8D019F26FF0201003EAD59 /* HomeLoanCalculatorTests */,
				1A8D01AA26FF0201003EAD59 /* HomeLoanCalculatorUITests */,
				1A8D018C26FF01FF003EAD59 /* Products */,
			);
			sourceTree = "<group>";
		};
		1A8D018C26FF01FF003EAD59 /* Products */ = {
			isa = PBXGroup;
			children = (
				1A8D018B26FF01FF003EAD59 /* HomeLoanCalculator.app */,
				1A8D019C26FF0201003EAD59 /* HomeLoanCalculatorTests.xctest */,
				1A8D01A726FF0201003EAD59 /* HomeLoanCalculatorUITests.xctest */,
			);
			name = Products;
			sourceTree = "<group>";
		};
		1A8D018D26FF01FF003EAD59 /* HomeLoanCalculator */ = {
			isa = PBXGroup;
			children = (
				1A8D018E26FF01FF003EAD59 /* HomeLoanCalculatorApp.swift */,
				1A8D019026FF01FF003EAD59 /* ContentView.swift */,
				1A8D019226FF0201003EAD59 /* Assets.xcassets */,
				1A8D019726FF0201003EAD59 /* Info.plist */,
				1A8D019426FF0201003EAD59 /* Preview Content */,
			);
			path = HomeLoanCalculator;
			sourceTree = "<group>";
		};
		1A8D019426FF0201003EAD59 /* Preview Content */ = {
			isa = PBXGroup;
			children = (
				1A8D019526FF0201003EAD59 /* Preview Assets.xcassets */,
			);
			path = "Preview Content";
			sourceTree = "<group>";
		};
		1A8D019F26FF0201003EAD59 /* HomeLoanCalculatorTests */ = {
			isa = PBXGroup;
			children = (
				1A8D01A026FF0201003EAD59 /* HomeLoanCalculatorTests.swift */,
				1A8D01A226FF0201003EAD59 /* Info.plist */,
			);
			path = HomeLoanCalculatorTests;
			sourceTree = "<group>";
		};
		1A8D01AA26FF0201003EAD59 /* HomeLoanCalculatorUITests */ = {
			isa = PBXGroup;
			children = (
				1A8D01AB26FF0201003EAD59 /* HomeLoanCalculatorUITests.swift */,
				1A8D01AD26FF0201003EAD59 /* Info.plist */,
			);
			path = HomeLoanCalculatorUITests;
			sourceTree = "<group>";
		};
/* End PBXGroup section */

/* Begin PBXNativeTarget section */
		1A8D018A26FF01FF003EAD59 /* HomeLoanCalculator */ = {
			isa = PBXNativeTarget;
			buildConfigurationList = 1A8D01B026FF0201003EAD59 /* Build configuration list for PBXNativeTarget "HomeLoanCalculator" */;
			buildPhases = (
				1A8D018726FF01FF003EAD59 /* Sources */,
				1A8D018826FF01FF003EAD59 /* Frameworks */,
				1A8D018926FF01FF003EAD59 /* Resources */,
			);
			buildRules = (
			);
			dependencies = (
			);
			name = HomeLoanCalculator;
			productName = HomeLoanCalculator;
			productReference = 1A8D018B26FF01FF003EAD59 /* HomeLoanCalculator.app */;
			productType = "com.apple.product-type.application";
		};
		1A8D019B26FF0201003EAD59 /* HomeLoanCalculatorTests */ = {
			isa = PBXNativeTarget;
			buildConfigurationList = 1A8D01B326FF0201003EAD59 /* Build configuration list for PBXNativeTarget "HomeLoanCalculatorTests" */;
			buildPhases = (
				1A8D019826FF0201003EAD59 /* Sources */,
				1A8D019926FF0201003EAD59 /* Frameworks */,
				1A8D019A26FF0201003EAD59 /* Resources */,
			);
			buildRules = (
			);
			dependencies = (
				1A8D019E26FF0201003EAD59 /* PBXTargetDependency */,
			);
			name = HomeLoanCalculatorTests;
			productName = HomeLoanCalculatorTests;
			productReference = 1A8D019C26FF0201003EAD59 /* HomeLoanCalculatorTests.xctest */;
			productType = "com.apple.product-type.bundle.unit-test";
		};
		1A8D01A626FF0201003EAD59 /* HomeLoanCalculatorUITests */ = {
			isa = PBXNativeTarget;
			buildConfigurationList = 1A8D01B626FF0201003EAD59 /* Build configuration list for PBXNativeTarget "HomeLoanCalculatorUITests" */;
			buildPhases = (
				1A8D01A326FF0201003EAD59 /* Sources */,
				1A8D01A426FF0201003EAD59 /* Frameworks */,
				1A8D01A526FF0201003EAD59 /* Resources */,
			);
			buildRules = (
			);
			dependencies = (
				1A8D01A926FF0201003EAD59 /* PBXTargetDependency */,
			);
			name = HomeLoanCalculatorUITests;
			productName = HomeLoanCalculatorUITests;
			productReference = 1A8D01A726FF0201003EAD59 /* HomeLoanCalculatorUITests.xctest */;
			productType = "com.apple.product-type.bundle.ui-testing";
		};
/* End PBXNativeTarget section */

/* Begin PBXProject section */
		1A8D018326FF01FF003EAD59 /* Project object */ = {
			isa = PBXProject;
			attributes = {
				LastSwiftUpdateCheck = 1240;
				LastUpgradeCheck = 1240;
				TargetAttributes = {
					1A8D018A26FF01FF003EAD59 = {
						CreatedOnToolsVersion = 12.4;
					};
					1A8D019B26FF0201003EAD59 = {
						CreatedOnToolsVersion = 12.4;
						TestTargetID = 1A8D018A26FF01FF003EAD59;
					};
					1A8D01A626FF0201003EAD59 = {
						CreatedOnToolsVersion = 12.4;
						TestTargetID = 1A8D018A26FF01FF003EAD59;
					};
				};
			};
			buildConfigurationList = 1A8D018626FF01FF003EAD59 /* Build configuration list for PBXProject "HomeLoanCalculator" */;
			compatibilityVersion = "Xcode 9.3";
			developmentRegion = en;
			hasScannedForEncodings = 0;
			knownRegions = (
				en,
				Base,
			);
			mainGroup = 1A8D018226FF01FF003EAD59;
			productRefGroup = 1A8D018C26FF01FF003EAD59 /* Products */;
			projectDirPath = "";
			projectRoot = "";
			targets = (
				1A8D018A26FF01FF003EAD59 /* HomeLoanCalculator */,
				1A8D019B26FF0201003EAD59 /* HomeLoanCalculatorTests */,
				1A8D01A626FF0201003EAD59 /* HomeLoanCalculatorUITests */,
			);
		};
/* End PBXProject section */

/* Begin PBXResourcesBuildPhase section */
		1A8D018926FF01FF003EAD59 /* Resources */ = {
			isa = PBXResourcesBuildPhase;
			buildActionMask = 2147483647;
			files = (
				1A8D019626FF0201003EAD59 /* Preview Assets.xcassets in Resources */,
				1A8D019326FF0201003EAD59 /* Assets.xcassets in Resources */,
			);
			runOnlyForDeploymentPostprocessing = 0;
		};
		1A8D019A26FF0201003EAD59 /* Resources */ = {
			isa = PBXResourcesBuildPhase;
			buildActionMask = 2147483647;
			files = (
			);
			runOnlyForDeploymentPostprocessing = 0;
		};
		1A8D01A526FF0201003EAD59 /* Resources */ = {
			isa = PBXResourcesBuildPhase;
			buildActionMask = 2147483647;
			files = (
			);
			runOnlyForDeploymentPostprocessing = 0;
		};
/* End PBXResourcesBuildPhase section */

/* Begin PBXSourcesBuildPhase section */
		1A8D018726FF01FF003EAD59 /* Sources */ = {
			isa = PBXSourcesBuildPhase;
			buildActionMask = 2147483647;
			files = (
				1A8D019126FF01FF003EAD59 /* ContentView.swift in Sources */,
				1A8D018F26FF01FF003EAD59 /* HomeLoanCalculatorApp.swift in Sources */,
			);
			runOnlyForDeploymentPostprocessing = 0;
		};
		1A8D019826FF0201003EAD59 /* Sources */ = {
			isa = PBXSourcesBuildPhase;
			buildActionMask = 2147483647;
			files = (
				1A8D01A126FF0201003EAD59 /* HomeLoanCalculatorTests.swift in Sources */,
			);
			runOnlyForDeploymentPostprocessing = 0;
		};
		1A8D01A326FF0201003EAD59 /* Sources */ = {
			isa = PBXSourcesBuildPhase;
			buildActionMask = 2147483647;
			files = (
				1A8D01AC26FF0201003EAD59 /* HomeLoanCalculatorUITests.swift in Sources */,
			);
			runOnlyForDeploymentPostprocessing = 0;
		};
/* End PBXSourcesBuildPhase section */

/* Begin PBXTargetDependency section */
		1A8D019E26FF0201003EAD59 /* PBXTargetDependency */ = {
			isa = PBXTargetDependency;
			target = 1A8D018A26FF01FF003EAD59 /* HomeLoanCalculator */;
			targetProxy = 1A8D019D26FF0201003EAD59 /* PBXContainerItemProxy */;
		};
		1A8D01A926FF0201003EAD59 /* PBXTargetDependency */ = {
			isa = PBXTargetDependency;
			target = 1A8D018A26FF01FF003EAD59 /* HomeLoanCalculator */;
			targetProxy = 1A8D01A826FF0201003EAD59 /* PBXContainerItemProxy */;
		};
/* End PBXTargetDependency section */

/* Begin XCBuildConfiguration section */
		1A8D01AE26FF0201003EAD59 /* Debug */ = {
			isa = XCBuildConfiguration;
			buildSettings = {
				ALWAYS_SEARCH_USER_PATHS = NO;
				CLANG_ANALYZER_NONNULL = YES;
				CLANG_ANALYZER_NUMBER_OBJECT_CONVERSION = YES_AGGRESSIVE;
				CLANG_CXX_LANGUAGE_STANDARD = "gnu++14";
				CLANG_CXX_LIBRARY = "libc++";
				CLANG_ENABLE_MODULES = YES;
				CLANG_ENABLE_OBJC_ARC = YES;
				CLANG_ENABLE_OBJC_WEAK = YES;
				CLANG_WARN_BLOCK_CAPTURE_AUTORELEASING = YES;
				CLANG_WARN_BOOL_CONVERSION = YES;
				CLANG_WARN_COMMA = YES;
				CLANG_WARN_CONSTANT_CONVERSION = YES;
				CLANG_WARN_DEPRECATED_OBJC_IMPLEMENTATIONS = YES;
				CLANG_WARN_DIRECT_OBJC_ISA_USAGE = YES_ERROR;
				CLANG_WARN_DOCUMENTATION_COMMENTS = YES;
				CLANG_WARN_EMPTY_BODY = YES;
				CLANG_WARN_ENUM_CONVERSION = YES;
				CLANG_WARN_INFINITE_RECURSION = YES;
				CLANG_WARN_INT_CONVERSION = YES;
				CLANG_WARN_NON_LITERAL_NULL_CONVERSION = YES;
				CLANG_WARN_OBJC_IMPLICIT_RETAIN_SELF = YES;
				CLANG_WARN_OBJC_LITERAL_CONVERSION = YES;
				CLANG_WARN_OBJC_ROOT_CLASS = YES_ERROR;
				CLANG_WARN_QUOTED_INCLUDE_IN_FRAMEWORK_HEADER = YES;
				CLANG_WARN_RANGE_LOOP_ANALYSIS = YES;
				CLANG_WARN_STRICT_PROTOTYPES = YES;
				CLANG_WARN_SUSPICIOUS_MOVE = YES;
				CLANG_WARN_UNGUARDED_AVAILABILITY = YES_AGGRESSIVE;
				CLANG_WARN_UNREACHABLE_CODE = YES;
				CLANG_WARN__DUPLICATE_METHOD_MATCH = YES;
				COPY_PHASE_STRIP = NO;
				DEBUG_INFORMATION_FORMAT = dwarf;
				ENABLE_STRICT_OBJC_MSGSEND = YES;
				ENABLE_TESTABILITY = YES;
				GCC_C_LANGUAGE_STANDARD = gnu11;
				GCC_DYNAMIC_NO_PIC = NO;
				GCC_NO_COMMON_BLOCKS = YES;
				GCC_OPTIMIZATION_LEVEL = 0;
				GCC_PREPROCESSOR_DEFINITIONS = (
					"DEBUG=1",
					"$(inherited)",
				);
				GCC_WARN_64_TO_32_BIT_CONVERSION = YES;
				GCC_WARN_ABOUT_RETURN_TYPE = YES_ERROR;
				GCC_WARN_UNDECLARED_SELECTOR = YES;
				GCC_WARN_UNINITIALIZED_AUTOS = YES_AGGRESSIVE;
				GCC_WARN_UNUSED_FUNCTION = YES;
				GCC_WARN_UNUSED_VARIABLE = YES;
				IPHONEOS_DEPLOYMENT_TARGET = 14.4;
				MTL_ENABLE_DEBUG_INFO = INCLUDE_SOURCE;
				MTL_FAST_MATH = YES;
				ONLY_ACTIVE_ARCH = YES;
				SDKROOT = iphoneos;
				SWIFT_ACTIVE_COMPILATION_CONDITIONS = DEBUG;
				SWIFT_OPTIMIZATION_LEVEL = "-Onone";
			};
			name = Debug;
		};
		1A8D01AF26FF0201003EAD59 /* Release */ = {
			isa = XCBuildConfiguration;
			buildSettings = {
				ALWAYS_SEARCH_USER_PATHS = NO;
				CLANG_ANALYZER_NONNULL = YES;
				CLANG_ANALYZER_NUMBER_OBJECT_CONVERSION = YES_AGGRESSIVE;
				CLANG_CXX_LANGUAGE_STANDARD = "gnu++14";
				CLANG_CXX_LIBRARY = "libc++";
				CLANG_ENABLE_MODULES = YES;
				CLANG_ENABLE_OBJC_ARC = YES;
				CLANG_ENABLE_OBJC_WEAK = YES;
				CLANG_WARN_BLOCK_CAPTURE_AUTORELEASING = YES;
				CLANG_WARN_BOOL_CONVERSION = YES;
				CLANG_WARN_COMMA = YES;
				CLANG_WARN_CONSTANT_CONVERSION = YES;
				CLANG_WARN_DEPRECATED_OBJC_IMPLEMENTATIONS = YES;
				CLANG_WARN_DIRECT_OBJC_ISA_USAGE = YES_ERROR;
				CLANG_WARN_DOCUMENTATION_COMMENTS = YES;
				CLANG_WARN_EMPTY_BODY = YES;
				CLANG_WARN_ENUM_CONVERSION = YES;
				CLANG_WARN_INFINITE_RECURSION = YES;
				CLANG_WARN_INT_CONVERSION = YES;
				CLANG_WARN_NON_LITERAL_NULL_CONVERSION = YES;
				CLANG_WARN_OBJC_IMPLICIT_RETAIN_SELF = YES;
				CLANG_WARN_OBJC_LITERAL_CONVERSION = YES;
				CLANG_WARN_OBJC_ROOT_CLASS = YES_ERROR;
				CLANG_WARN_QUOTED_INCLUDE_IN_FRAMEWORK_HEADER = YES;
				CLANG_WARN_RANGE_LOOP_ANALYSIS = YES;
				CLANG_WARN_STRICT_PROTOTYPES = YES;
				CLANG_WARN_SUSPICIOUS_MOVE = YES;
				CLANG_WARN_UNGUARDED_AVAILABILITY = YES_AGGRESSIVE;
				CLANG_WARN_UNREACHABLE_CODE = YES;
				CLANG_WARN__DUPLICATE_METHOD_MATCH = YES;
				COPY_PHASE_STRIP = NO;
				DEBUG_INFORMATION_FORMAT = "dwarf-with-dsym";
				ENABLE_NS_ASSERTIONS = NO;
				ENABLE_STRICT_OBJC_MSGSEND = YES;
				GCC_C_LANGUAGE_STANDARD = gnu11;
				GCC_NO_COMMON_BLOCKS = YES;
				GCC_WARN_64_TO_32_BIT_CONVERSION = YES;
				GCC_WARN_ABOUT_RETURN_TYPE = YES_ERROR;
				GCC_WARN_UNDECLARED_SELECTOR = YES;
				GCC_WARN_UNINITIALIZED_AUTOS = YES_AGGRESSIVE;
				GCC_WARN_UNUSED_FUNCTION = YES;
				GCC_WARN_UNUSED_VARIABLE = YES;
				IPHONEOS_DEPLOYMENT_TARGET = 14.4;
				MTL_ENABLE_DEBUG_INFO = NO;
				MTL_FAST_MATH = YES;
				SDKROOT = iphoneos;
				SWIFT_COMPILATION_MODE = wholemodule;
				SWIFT_OPTIMIZATION_LEVEL = "-O";
				VALIDATE_PRODUCT = YES;
			};
			name = Release;
		};
		1A8D01B126FF0201003EAD59 /* Debug */ = {
			isa = XCBuildConfiguration;
			buildSettings = {
				ASSETCATALOG_COMPILER_APPICON_NAME = AppIcon;
				ASSETCATALOG_COMPILER_GLOBAL_ACCENT_COLOR_NAME = AccentColor;
				CODE_SIGN_STYLE = Automatic;
				DEVELOPMENT_ASSET_PATHS = "\"HomeLoanCalculator/Preview Content\"";
				ENABLE_PREVIEWS = YES;
				INFOPLIST_FILE = HomeLoanCalculator/Info.plist;
				IPHONEOS_DEPLOYMENT_TARGET = 14.0;
				LD_RUNPATH_SEARCH_PATHS = (
					"$(inherited)",
					"@executable_path/Frameworks",
				);
				PRODUCT_BUNDLE_IDENTIFIER = "Tim-Randall.HomeLoanCalculator";
				PRODUCT_NAME = "$(TARGET_NAME)";
				SWIFT_VERSION = 5.0;
				TARGETED_DEVICE_FAMILY = "1,2";
			};
			name = Debug;
		};
		1A8D01B226FF0201003EAD59 /* Release */ = {
			isa = XCBuildConfiguration;
			buildSettings = {
				ASSETCATALOG_COMPILER_APPICON_NAME = AppIcon;
				ASSETCATALOG_COMPILER_GLOBAL_ACCENT_COLOR_NAME = AccentColor;
				CODE_SIGN_STYLE = Automatic;
				DEVELOPMENT_ASSET_PATHS = "\"HomeLoanCalculator/Preview Content\"";
				ENABLE_PREVIEWS = YES;
				INFOPLIST_FILE = HomeLoanCalculator/Info.plist;
				IPHONEOS_DEPLOYMENT_TARGET = 14.0;
				LD_RUNPATH_SEARCH_PATHS = (
					"$(inherited)",
					"@executable_path/Frameworks",
				);
				PRODUCT_BUNDLE_IDENTIFIER = "Tim-Randall.HomeLoanCalculator";
				PRODUCT_NAME = "$(TARGET_NAME)";
				SWIFT_VERSION = 5.0;
				TARGETED_DEVICE_FAMILY = "1,2";
			};
			name = Release;
		};
		1A8D01B426FF0201003EAD59 /* Debug */ = {
			isa = XCBuildConfiguration;
			buildSettings = {
				ALWAYS_EMBED_SWIFT_STANDARD_LIBRARIES = YES;
				BUNDLE_LOADER = "$(TEST_HOST)";
				CODE_SIGN_STYLE = Automatic;
				INFOPLIST_FILE = HomeLoanCalculatorTests/Info.plist;
				IPHONEOS_DEPLOYMENT_TARGET = 14.0;
				LD_RUNPATH_SEARCH_PATHS = (
					"$(inherited)",
					"@executable_path/Frameworks",
					"@loader_path/Frameworks",
				);
				PRODUCT_BUNDLE_IDENTIFIER = "Tim-Randall.HomeLoanCalculatorTests";
				PRODUCT_NAME = "$(TARGET_NAME)";
				SWIFT_VERSION = 5.0;
				TARGETED_DEVICE_FAMILY = "1,2";
				TEST_HOST = "$(BUILT_PRODUCTS_DIR)/HomeLoanCalculator.app/HomeLoanCalculator";
			};
			name = Debug;
		};
		1A8D01B526FF0201003EAD59 /* Release */ = {
			isa = XCBuildConfiguration;
			buildSettings = {
				ALWAYS_EMBED_SWIFT_STANDARD_LIBRARIES = YES;
				BUNDLE_LOADER = "$(TEST_HOST)";
				CODE_SIGN_STYLE = Automatic;
				INFOPLIST_FILE = HomeLoanCalculatorTests/Info.plist;
				IPHONEOS_DEPLOYMENT_TARGET = 14.0;
				LD_RUNPATH_SEARCH_PATHS = (
					"$(inherited)",
					"@executable_path/Frameworks",
					"@loader_path/Frameworks",
				);
				PRODUCT_BUNDLE_IDENTIFIER = "Tim-Randall.HomeLoanCalculatorTests";
				PRODUCT_NAME = "$(TARGET_NAME)";
				SWIFT_VERSION = 5.0;
				TARGETED_DEVICE_FAMILY = "1,2";
				TEST_HOST = "$(BUILT_PRODUCTS_DIR)/HomeLoanCalculator.app/HomeLoanCalculator";
			};
			name = Release;
		};
		1A8D01B726FF0201003EAD59 /* Debug */ = {
			isa = XCBuildConfiguration;
			buildSettings = {
				ALWAYS_EMBED_SWIFT_STANDARD_LIBRARIES = YES;
				CODE_SIGN_STYLE = Automatic;
				INFOPLIST_FILE = HomeLoanCalculatorUITests/Info.plist;
				LD_RUNPATH_SEARCH_PATHS = (
					"$(inherited)",
					"@executable_path/Frameworks",
					"@loader_path/Frameworks",
				);
				PRODUCT_BUNDLE_IDENTIFIER = "Tim-Randall.HomeLoanCalculatorUITests";
				PRODUCT_NAME = "$(TARGET_NAME)";
				SWIFT_VERSION = 5.0;
				TARGETED_DEVICE_FAMILY = "1,2";
				TEST_TARGET_NAME = HomeLoanCalculator;
			};
			name = Debug;
		};
		1A8D01B826FF0201003EAD59 /* Release */ = {
			isa = XCBuildConfiguration;
			buildSettings = {
				ALWAYS_EMBED_SWIFT_STANDARD_LIBRARIES = YES;
				CODE_SIGN_STYLE = Automatic;
				INFOPLIST_FILE = HomeLoanCalculatorUITests/Info.plist;
				LD_RUNPATH_SEARCH_PATHS = (
					"$(inherited)",
					"@executable_path/Frameworks",
					"@loader_path/Frameworks",
				);
				PRODUCT_BUNDLE_IDENTIFIER = "Tim-Randall.HomeLoanCalculatorUITests";
				PRODUCT_NAME = "$(TARGET_NAME)";
				SWIFT_VERSION = 5.0;
				TARGETED_DEVICE_FAMILY = "1,2";
				TEST_TARGET_NAME = HomeLoanCalculator;
			};
			name = Release;
		};
/* End XCBuildConfiguration section */

/* Begin XCConfigurationList section */
		1A8D018626FF01FF003EAD59 /* Build configuration list for PBXProject "HomeLoanCalculator" */ = {
			isa = XCConfigurationList;
			buildConfigurations = (
				1A8D01AE26FF0201003EAD59 /* Debug */,
				1A8D01AF26FF0201003EAD59 /* Release */,
			);
			defaultConfigurationIsVisible = 0;
			defaultConfigurationName = Release;
		};
		1A8D01B026FF0201003EAD59 /* Build configuration list for PBXNativeTarget "HomeLoanCalculator" */ = {
			isa = XCConfigurationList;
			buildConfigurations = (
				1A8D01B126FF0201003EAD59 /* Debug */,
				1A8D01B226FF0201003EAD59 /* Release */,
			);
			defaultConfigurationIsVisible = 0;
			defaultConfigurationName = Release;
		};
		1A8D01B326FF0201003EAD59 /* Build configuration list for PBXNativeTarget "HomeLoanCalculatorTests" */ = {
			isa = XCConfigurationList;
			buildConfigurations = (
				1A8D01B426FF0201003EAD59 /* Debug */,
				1A8D01B526FF0201003EAD59 /* Release */,
			);
			defaultConfigurationIsVisible = 0;
			defaultConfigurationName = Release;
		};
		1A8D01B626FF0201003EAD59 /* Build configuration list for PBXNativeTarget "HomeLoanCalculatorUITests" */ = {
			isa = XCConfigurationList;
			buildConfigurations = (
				1A8D01B726FF0201003EAD59 /* Debug */,
				1A8D01B826FF0201003EAD59 /* Release */,
			);
			defaultConfigurationIsVisible = 0;
			defaultConfigurationName = Release;
		};
/* End XCConfigurationList section */
	};
	rootObject = 1A8D018326FF01FF003EAD59 /* Project object */;
}
